
Microsoft Visual Studio Solution File, Format Version 12.00
# Visual Studio Version 17
VisualStudioVersion = 17.5.002.0
MinimumVisualStudioVersion = 10.0.40219.1
Project("{9A19103F-16F7-4668-BE54-9A1E7A4F7556}") = "0-SimpleConsoleApp-AppRegistration", "0-SimpleConsoleApp-AppRegistration.csproj", "{164C4133-9DCD-431C-9EC8-B0F7A3D94D44}"
EndProject
Global
	GlobalSection(SolutionConfigurationPlatforms) = preSolution
		Debug|Any CPU = Debug|Any CPU
		Release|Any CPU = Release|Any CPU
	EndGlobalSection
	GlobalSection(ProjectConfigurationPlatforms) = postSolution
		{164C4133-9DCD-431C-9EC8-B0F7A3D94D44}.Debug|Any CPU.ActiveCfg = Debug|Any CPU
		{164C4133-9DCD-431C-9EC8-B0F7A3D94D44}.Debug|Any CPU.Build.0 = Debug|Any CPU
		{164C4133-9DCD-431C-9EC8-B0F7A3D94D44}.Release|Any CPU.ActiveCfg = Release|Any CPU
		{164C4133-9DCD-431C-9EC8-B0F7A3D94D44}.Release|Any CPU.Build.0 = Release|Any CPU
	EndGlobalSection
	GlobalSection(SolutionProperties) = preSolution
		HideSolutionNode = FALSE
	EndGlobalSection
	GlobalSection(ExtensibilityGlobals) = postSolution
		SolutionGuid = {16892BEF-3C28-4FD2-A4A7-17050CD23356}
	EndGlobalSection
EndGlobal
